
Microsoft Visual Studio Solution File, Format Version 12.00
# Visual Studio Version 17
VisualStudioVersion = 17.2.32630.192
MinimumVisualStudioVersion = 10.0.40219.1
Project("{FAE04EC0-301F-11D3-BF4B-00C04F79EFBC}") = "01. Recursive Array Sum", "01. Recursive Array Sum\01. Recursive Array Sum.csproj", "{819A2FD8-16BF-4969-B49E-99DB8B0BEEB6}"
EndProject
Project("{FAE04EC0-301F-11D3-BF4B-00C04F79EFBC}") = "02. Recursive Drawing", "02. Recursive Drawing\02. Recursive Drawing.csproj", "{67FF950C-A57A-4DB6-B5D9-6446AC2402AC}"
EndProject
Project("{FAE04EC0-301F-11D3-BF4B-00C04F79EFBC}") = "03. Generating 0-1 Vectors", "03. Generating 0-1 Vectors\03. Generating 0-1 Vectors.csproj", "{EF6368C0-ACF0-4E39-9297-A2EBC2FA44DA}"
EndProject
Project("{FAE04EC0-301F-11D3-BF4B-00C04F79EFBC}") = "04. Recursive Factorial", "04. Recursive Factorial\04. Recursive Factorial.csproj", "{9EF4E007-14E0-4DB6-8B17-48D4838E8702}"
EndProject
Global
	GlobalSection(SolutionConfigurationPlatforms) = preSolution
		Debug|Any CPU = Debug|Any CPU
		Release|Any CPU = Release|Any CPU
	EndGlobalSection
	GlobalSection(ProjectConfigurationPlatforms) = postSolution
		{819A2FD8-16BF-4969-B49E-99DB8B0BEEB6}.Debug|Any CPU.ActiveCfg = Debug|Any CPU
		{819A2FD8-16BF-4969-B49E-99DB8B0BEEB6}.Debug|Any CPU.Build.0 = Debug|Any CPU
		{819A2FD8-16BF-4969-B49E-99DB8B0BEEB6}.Release|Any CPU.ActiveCfg = Release|Any CPU
		{819A2FD8-16BF-4969-B49E-99DB8B0BEEB6}.Release|Any CPU.Build.0 = Release|Any CPU
		{67FF950C-A57A-4DB6-B5D9-6446AC2402AC}.Debug|Any CPU.ActiveCfg = Debug|Any CPU
		{67FF950C-A57A-4DB6-B5D9-6446AC2402AC}.Debug|Any CPU.Build.0 = Debug|Any CPU
		{67FF950C-A57A-4DB6-B5D9-6446AC2402AC}.Release|Any CPU.ActiveCfg = Release|Any CPU
		{67FF950C-A57A-4DB6-B5D9-6446AC2402AC}.Release|Any CPU.Build.0 = Release|Any CPU
		{EF6368C0-ACF0-4E39-9297-A2EBC2FA44DA}.Debug|Any CPU.ActiveCfg = Debug|Any CPU
		{EF6368C0-ACF0-4E39-9297-A2EBC2FA44DA}.Debug|Any CPU.Build.0 = Debug|Any CPU
		{EF6368C0-ACF0-4E39-9297-A2EBC2FA44DA}.Release|Any CPU.ActiveCfg = Release|Any CPU
		{EF6368C0-ACF0-4E39-9297-A2EBC2FA44DA}.Release|Any CPU.Build.0 = Release|Any CPU
		{9EF4E007-14E0-4DB6-8B17-48D4838E8702}.Debug|Any CPU.ActiveCfg = Debug|Any CPU
		{9EF4E007-14E0-4DB6-8B17-48D4838E8702}.Debug|Any CPU.Build.0 = Debug|Any CPU
		{9EF4E007-14E0-4DB6-8B17-48D4838E8702}.Release|Any CPU.ActiveCfg = Release|Any CPU
		{9EF4E007-14E0-4DB6-8B17-48D4838E8702}.Release|Any CPU.Build.0 = Release|Any CPU
	EndGlobalSection
	GlobalSection(SolutionProperties) = preSolution
		HideSolutionNode = FALSE
	EndGlobalSection
	GlobalSection(ExtensibilityGlobals) = postSolution
		SolutionGuid = {02C65EDD-F723-4D9D-8F6F-05CC39C1F3FF}
	EndGlobalSection
EndGlobal
